
Microsoft Visual Studio Solution File, Format Version 12.00
# Visual Studio Version 16
VisualStudioVersion = 16.0.30128.74
MinimumVisualStudioVersion = 10.0.40219.1
Project("{FAE04EC0-301F-11D3-BF4B-00C04F79EFBC}") = "NETCoreTestApplication", "NETCoreTestApplication\NETCoreTestApplication.csproj", "{867C83F3-7387-4D99-AECB-88245BDCE8C4}"
EndProject
Project("{FAE04EC0-301F-11D3-BF4B-00C04F79EFBC}") = "NETCoreTestLibrary", "NETCoreTestLibrary\NETCoreTestLibrary.csproj", "{29C1BF54-088F-475B-87D5-969674EC061C}"
EndProject
Global
	GlobalSection(SolutionConfigurationPlatforms) = preSolution
		Debug|Any CPU = Debug|Any CPU
		Release|Any CPU = Release|Any CPU
	EndGlobalSection
	GlobalSection(ProjectConfigurationPlatforms) = postSolution
		{867C83F3-7387-4D99-AECB-88245BDCE8C4}.Debug|Any CPU.ActiveCfg = Debug|Any CPU
		{867C83F3-7387-4D99-AECB-88245BDCE8C4}.Debug|Any CPU.Build.0 = Debug|Any CPU
		{867C83F3-7387-4D99-AECB-88245BDCE8C4}.Release|Any CPU.ActiveCfg = Release|Any CPU
		{867C83F3-7387-4D99-AECB-88245BDCE8C4}.Release|Any CPU.Build.0 = Release|Any CPU
		{29C1BF54-088F-475B-87D5-969674EC061C}.Debug|Any CPU.ActiveCfg = Debug|Any CPU
		{29C1BF54-088F-475B-87D5-969674EC061C}.Debug|Any CPU.Build.0 = Debug|Any CPU
		{29C1BF54-088F-475B-87D5-969674EC061C}.Release|Any CPU.ActiveCfg = Release|Any CPU
		{29C1BF54-088F-475B-87D5-969674EC061C}.Release|Any CPU.Build.0 = Release|Any CPU
	EndGlobalSection
	GlobalSection(SolutionProperties) = preSolution
		HideSolutionNode = FALSE
	EndGlobalSection
	GlobalSection(ExtensibilityGlobals) = postSolution
		SolutionGuid = {01793EAE-69FB-4DD3-AFD6-05CB7D757560}
	EndGlobalSection
EndGlobal
